// !$*UTF8*$!
{
	archiveVersion = 1;
	classes = {
	};
	objectVersion = 46;
	objects = {

/* Begin PBXBuildFile section */
		0404A1951E793AB400AE3EC4 /* main.swift in Sources */ = {isa = PBXBuildFile; fileRef = 0404A1941E793AB400AE3EC4 /* main.swift */; };
		0489301D1E793ED100866581 /* PenHolder.swift in Sources */ = {isa = PBXBuildFile; fileRef = 0489301C1E793ED100866581 /* PenHolder.swift */; };
		04BAC8C11E793B0000A66F02 /* CXPen.swift in Sources */ = {isa = PBXBuildFile; fileRef = 04BAC8BF1E793B0000A66F02 /* CXPen.swift */; };
/* End PBXBuildFile section */

/* Begin PBXCopyFilesBuildPhase section */
		0404A18F1E793AB400AE3EC4 /* CopyFiles */ = {
			isa = PBXCopyFilesBuildPhase;
			buildActionMask = 2147483647;
			dstPath = /usr/share/man/man1/;
			dstSubfolderSpec = 0;
			files = (
			);
			runOnlyForDeploymentPostprocessing = 1;
		};
/* End PBXCopyFilesBuildPhase section */

/* Begin PBXFileReference section */
		0404A1911E793AB400AE3EC4 /* CXPen */ = {isa = PBXFileReference; explicitFileType = "compiled.mach-o.executable"; includeInIndex = 0; path = CXPen; sourceTree = BUILT_PRODUCTS_DIR; };
		0404A1941E793AB400AE3EC4 /* main.swift */ = {isa = PBXFileReference; lastKnownFileType = sourcecode.swift; path = main.swift; sourceTree = "<group>"; };
		0489301C1E793ED100866581 /* PenHolder.swift */ = {isa = PBXFileReference; fileEncoding = 4; lastKnownFileType = sourcecode.swift; path = PenHolder.swift; sourceTree = "<group>"; };
		04BAC8BF1E793B0000A66F02 /* CXPen.swift */ = {isa = PBXFileReference; fileEncoding = 4; lastKnownFileType = sourcecode.swift; path = CXPen.swift; sourceTree = "<group>"; };
/* End PBXFileReference section */

/* Begin PBXFrameworksBuildPhase section */
		0404A18E1E793AB400AE3EC4 /* Frameworks */ = {
			isa = PBXFrameworksBuildPhase;
			buildActionMask = 2147483647;
			files = (
			);
			runOnlyForDeploymentPostprocessing = 0;
		};
/* End PBXFrameworksBuildPhase section */

/* Begin PBXGroup section */
		0404A1881E793AB400AE3EC4 = {
			isa = PBXGroup;
			children = (
				0404A1931E793AB400AE3EC4 /* CXPen */,
				0404A1921E793AB400AE3EC4 /* Products */,
			);
			sourceTree = "<group>";
		};
		0404A1921E793AB400AE3EC4 /* Products */ = {
			isa = PBXGroup;
			children = (
				0404A1911E793AB400AE3EC4 /* CXPen */,
			);
			name = Products;
			sourceTree = "<group>";
		};
		0404A1931E793AB400AE3EC4 /* CXPen */ = {
			isa = PBXGroup;
			children = (
				0404A1941E793AB400AE3EC4 /* main.swift */,
				04BAC8BF1E793B0000A66F02 /* CXPen.swift */,
				0489301C1E793ED100866581 /* PenHolder.swift */,
			);
			path = CXPen;
			sourceTree = "<group>";
		};
/* End PBXGroup section */

/* Begin PBXNativeTarget section */
		0404A1901E793AB400AE3EC4 /* CXPen */ = {
			isa = PBXNativeTarget;
			buildConfigurationList = 0404A1981E793AB400AE3EC4 /* Build configuration list for PBXNativeTarget "CXPen" */;
			buildPhases = (
				0404A18D1E793AB400AE3EC4 /* Sources */,
				0404A18E1E793AB400AE3EC4 /* Frameworks */,
				0404A18F1E793AB400AE3EC4 /* CopyFiles */,
			);
			buildRules = (
			);
			dependencies = (
			);
			name = CXPen;
			productName = CXPen;
			productReference = 0404A1911E793AB400AE3EC4 /* CXPen */;
			productType = "com.apple.product-type.tool";
		};
/* End PBXNativeTarget section */

/* Begin PBXProject section */
		0404A1891E793AB400AE3EC4 /* Project object */ = {
			isa = PBXProject;
			attributes = {
				LastSwiftUpdateCheck = 0820;
				LastUpgradeCheck = 0820;
				ORGANIZATIONNAME = Hanna;
				TargetAttributes = {
					0404A1901E793AB400AE3EC4 = {
						CreatedOnToolsVersion = 8.2.1;
						ProvisioningStyle = Automatic;
					};
				};
			};
			buildConfigurationList = 0404A18C1E793AB400AE3EC4 /* Build configuration list for PBXProject "CXPen" */;
			compatibilityVersion = "Xcode 3.2";
			developmentRegion = English;
			hasScannedForEncodings = 0;
			knownRegions = (
				en,
			);
			mainGroup = 0404A1881E793AB400AE3EC4;
			productRefGroup = 0404A1921E793AB400AE3EC4 /* Products */;
			projectDirPath = "";
			projectRoot = "";
			targets = (
				0404A1901E793AB400AE3EC4 /* CXPen */,
			);
		};
/* End PBXProject section */

/* Begin PBXSourcesBuildPhase section */
		0404A18D1E793AB400AE3EC4 /* Sources */ = {
			isa = PBXSourcesBuildPhase;
			buildActionMask = 2147483647;
			files = (
				0489301D1E793ED100866581 /* PenHolder.swift in Sources */,
				04BAC8C11E793B0000A66F02 /* CXPen.swift in Sources */,
				0404A1951E793AB400AE3EC4 /* main.swift in Sources */,
			);
			runOnlyForDeploymentPostprocessing = 0;
		};
/* End PBXSourcesBuildPhase section */

/* Begin XCBuildConfiguration section */
		0404A1961E793AB400AE3EC4 /* Debug */ = {
			isa = XCBuildConfiguration;
			buildSettings = {
				ALWAYS_SEARCH_USER_PATHS = NO;
				CLANG_ANALYZER_NONNULL = YES;
				CLANG_CXX_LANGUAGE_STANDARD = "gnu++0x";
				CLANG_CXX_LIBRARY = "libc++";
				CLANG_ENABLE_MODULES = YES;
				CLANG_ENABLE_OBJC_ARC = YES;
				CLANG_WARN_BOOL_CONVERSION = YES;
				CLANG_WARN_CONSTANT_CONVERSION = YES;
				CLANG_WARN_DIRECT_OBJC_ISA_USAGE = YES_ERROR;
				CLANG_WARN_DOCUMENTATION_COMMENTS = YES;
				CLANG_WARN_EMPTY_BODY = YES;
				CLANG_WARN_ENUM_CONVERSION = YES;
				CLANG_WARN_INFINITE_RECURSION = YES;
				CLANG_WARN_INT_CONVERSION = YES;
				CLANG_WARN_OBJC_ROOT_CLASS = YES_ERROR;
				CLANG_WARN_SUSPICIOUS_MOVE = YES;
				CLANG_WARN_UNREACHABLE_CODE = YES;
				CLANG_WARN__DUPLICATE_METHOD_MATCH = YES;
				CODE_SIGN_IDENTITY = "-";
				COPY_PHASE_STRIP = NO;
				DEBUG_INFORMATION_FORMAT = dwarf;
				ENABLE_STRICT_OBJC_MSGSEND = YES;
				ENABLE_TESTABILITY = YES;
				GCC_C_LANGUAGE_STANDARD = gnu99;
				GCC_DYNAMIC_NO_PIC = NO;
				GCC_NO_COMMON_BLOCKS = YES;
				GCC_OPTIMIZATION_LEVEL = 0;
				GCC_PREPROCESSOR_DEFINITIONS = (
					"DEBUG=1",
					"$(inherited)",
				);
				GCC_WARN_64_TO_32_BIT_CONVERSION = YES;
				GCC_WARN_ABOUT_RETURN_TYPE = YES_ERROR;
				GCC_WARN_UNDECLARED_SELECTOR = YES;
				GCC_WARN_UNINITIALIZED_AUTOS = YES_AGGRESSIVE;
				GCC_WARN_UNUSED_FUNCTION = YES;
				GCC_WARN_UNUSED_VARIABLE = YES;
				MACOSX_DEPLOYMENT_TARGET = 10.12;
				MTL_ENABLE_DEBUG_INFO = YES;
				ONLY_ACTIVE_ARCH = YES;
				SDKROOT = macosx;
				SWIFT_OPTIMIZATION_LEVEL = "-Onone";
			};
			name = Debug;
		};
		0404A1971E793AB400AE3EC4 /* Release */ = {
			isa = XCBuildConfiguration;
			buildSettings = {
				ALWAYS_SEARCH_USER_PATHS = NO;
				CLANG_ANALYZER_NONNULL = YES;
				CLANG_CXX_LANGUAGE_STANDARD = "gnu++0x";
				CLANG_CXX_LIBRARY = "libc++";
				CLANG_ENABLE_MODULES = YES;
				CLANG_ENABLE_OBJC_ARC = YES;
				CLANG_WARN_BOOL_CONVERSION = YES;
				CLANG_WARN_CONSTANT_CONVERSION = YES;
				CLANG_WARN_DIRECT_OBJC_ISA_USAGE = YES_ERROR;
				CLANG_WARN_DOCUMENTATION_COMMENTS = YES;
				CLANG_WARN_EMPTY_BODY = YES;
				CLANG_WARN_ENUM_CONVERSION = YES;
				CLANG_WARN_INFINITE_RECURSION = YES;
				CLANG_WARN_INT_CONVERSION = YES;
				CLANG_WARN_OBJC_ROOT_CLASS = YES_ERROR;
				CLANG_WARN_SUSPICIOUS_MOVE = YES;
				CLANG_WARN_UNREACHABLE_CODE = YES;
				CLANG_WARN__DUPLICATE_METHOD_MATCH = YES;
				CODE_SIGN_IDENTITY = "-";
				COPY_PHASE_STRIP = NO;
				DEBUG_INFORMATION_FORMAT = "dwarf-with-dsym";
				ENABLE_NS_ASSERTIONS = NO;
				ENABLE_STRICT_OBJC_MSGSEND = YES;
				GCC_C_LANGUAGE_STANDARD = gnu99;
				GCC_NO_COMMON_BLOCKS = YES;
				GCC_WARN_64_TO_32_BIT_CONVERSION = YES;
				GCC_WARN_ABOUT_RETURN_TYPE = YES_ERROR;
				GCC_WARN_UNDECLARED_SELECTOR = YES;
				GCC_WARN_UNINITIALIZED_AUTOS = YES_AGGRESSIVE;
				GCC_WARN_UNUSED_FUNCTION = YES;
				GCC_WARN_UNUSED_VARIABLE = YES;
				MACOSX_DEPLOYMENT_TARGET = 10.12;
				MTL_ENABLE_DEBUG_INFO = NO;
				SDKROOT = macosx;
			};
			name = Release;
		};
		0404A1991E793AB400AE3EC4 /* Debug */ = {
			isa = XCBuildConfiguration;
			buildSettings = {
				PRODUCT_NAME = "$(TARGET_NAME)";
				SWIFT_VERSION = 3.0;
			};
			name = Debug;
		};
		0404A19A1E793AB400AE3EC4 /* Release */ = {
			isa = XCBuildConfiguration;
			buildSettings = {
				PRODUCT_NAME = "$(TARGET_NAME)";
				SWIFT_VERSION = 3.0;
			};
			name = Release;
		};
/* End XCBuildConfiguration section */

/* Begin XCConfigurationList section */
		0404A18C1E793AB400AE3EC4 /* Build configuration list for PBXProject "CXPen" */ = {
			isa = XCConfigurationList;
			buildConfigurations = (
				0404A1961E793AB400AE3EC4 /* Debug */,
				0404A1971E793AB400AE3EC4 /* Release */,
			);
			defaultConfigurationIsVisible = 0;
			defaultConfigurationName = Release;
		};
		0404A1981E793AB400AE3EC4 /* Build configuration list for PBXNativeTarget "CXPen" */ = {
			isa = XCConfigurationList;
			buildConfigurations = (
				0404A1991E793AB400AE3EC4 /* Debug */,
				0404A19A1E793AB400AE3EC4 /* Release */,
			);
			defaultConfigurationIsVisible = 0;
			defaultConfigurationName = Release;
		};
/* End XCConfigurationList section */
	};
	rootObject = 0404A1891E793AB400AE3EC4 /* Project object */;
}
