// !$*UTF8*$!
{
	archiveVersion = 1;
	classes = {
	};
	objectVersion = 46;
	objects = {

/* Begin PBXBuildFile section */
		040E075C1E84C3CE00BF49EC /* AppDelegate.swift in Sources */ = {isa = PBXBuildFile; fileRef = 040E075B1E84C3CE00BF49EC /* AppDelegate.swift */; };
		040E075E1E84C3CE00BF49EC /* MasterViewController.swift in Sources */ = {isa = PBXBuildFile; fileRef = 040E075D1E84C3CE00BF49EC /* MasterViewController.swift */; };
		040E07601E84C3CE00BF49EC /* DetailViewController.swift in Sources */ = {isa = PBXBuildFile; fileRef = 040E075F1E84C3CE00BF49EC /* DetailViewController.swift */; };
		040E07631E84C3CE00BF49EC /* Main.storyboard in Resources */ = {isa = PBXBuildFile; fileRef = 040E07611E84C3CE00BF49EC /* Main.storyboard */; };
		040E07651E84C3CE00BF49EC /* Assets.xcassets in Resources */ = {isa = PBXBuildFile; fileRef = 040E07641E84C3CE00BF49EC /* Assets.xcassets */; };
		040E07681E84C3CE00BF49EC /* LaunchScreen.storyboard in Resources */ = {isa = PBXBuildFile; fileRef = 040E07661E84C3CE00BF49EC /* LaunchScreen.storyboard */; };
/* End PBXBuildFile section */

/* Begin PBXContainerItemProxy section */
		0406E5F61E8580E900400268 /* PBXContainerItemProxy */ = {
			isa = PBXContainerItemProxy;
			containerPortal = 0406E5EB1E8580E900400268 /* Alamofire.xcodeproj */;
			proxyType = 2;
			remoteGlobalIDString = F8111E3319A95C8B0040E7D1;
			remoteInfo = "Alamofire iOS";
		};
		0406E5F81E8580E900400268 /* PBXContainerItemProxy */ = {
			isa = PBXContainerItemProxy;
			containerPortal = 0406E5EB1E8580E900400268 /* Alamofire.xcodeproj */;
			proxyType = 2;
			remoteGlobalIDString = F8111E3E19A95C8B0040E7D1;
			remoteInfo = "Alamofire iOS Tests";
		};
		0406E5FA1E8580E900400268 /* PBXContainerItemProxy */ = {
			isa = PBXContainerItemProxy;
			containerPortal = 0406E5EB1E8580E900400268 /* Alamofire.xcodeproj */;
			proxyType = 2;
			remoteGlobalIDString = 4DD67C0B1A5C55C900ED2280;
			remoteInfo = "Alamofire macOS";
		};
		0406E5FC1E8580E900400268 /* PBXContainerItemProxy */ = {
			isa = PBXContainerItemProxy;
			containerPortal = 0406E5EB1E8580E900400268 /* Alamofire.xcodeproj */;
			proxyType = 2;
			remoteGlobalIDString = F829C6B21A7A94F100A2CD59;
			remoteInfo = "Alamofire macOS Tests";
		};
		0406E5FE1E8580E900400268 /* PBXContainerItemProxy */ = {
			isa = PBXContainerItemProxy;
			containerPortal = 0406E5EB1E8580E900400268 /* Alamofire.xcodeproj */;
			proxyType = 2;
			remoteGlobalIDString = 4CF626EF1BA7CB3E0011A099;
			remoteInfo = "Alamofire tvOS";
		};
		0406E6001E8580E900400268 /* PBXContainerItemProxy */ = {
			isa = PBXContainerItemProxy;
			containerPortal = 0406E5EB1E8580E900400268 /* Alamofire.xcodeproj */;
			proxyType = 2;
			remoteGlobalIDString = 4CF626F81BA7CB3E0011A099;
			remoteInfo = "Alamofire tvOS Tests";
		};
		0406E6021E8580E900400268 /* PBXContainerItemProxy */ = {
			isa = PBXContainerItemProxy;
			containerPortal = 0406E5EB1E8580E900400268 /* Alamofire.xcodeproj */;
			proxyType = 2;
			remoteGlobalIDString = E4202FE01B667AA100C997FB;
			remoteInfo = "Alamofire watchOS";
		};
		0406E6041E8582DC00400268 /* PBXContainerItemProxy */ = {
			isa = PBXContainerItemProxy;
			containerPortal = 0406E5EB1E8580E900400268 /* Alamofire.xcodeproj */;
			proxyType = 1;
			remoteGlobalIDString = F8111E3219A95C8B0040E7D1;
			remoteInfo = "Alamofire iOS";
		};
/* End PBXContainerItemProxy section */

/* Begin PBXFileReference section */
		0406E5EB1E8580E900400268 /* Alamofire.xcodeproj */ = {isa = PBXFileReference; lastKnownFileType = "wrapper.pb-project"; name = Alamofire.xcodeproj; path = Cloning/Alamofire.xcodeproj; sourceTree = "<group>"; };
		040E07581E84C3CE00BF49EC /* camClient.app */ = {isa = PBXFileReference; explicitFileType = wrapper.application; includeInIndex = 0; path = camClient.app; sourceTree = BUILT_PRODUCTS_DIR; };
		040E075B1E84C3CE00BF49EC /* AppDelegate.swift */ = {isa = PBXFileReference; lastKnownFileType = sourcecode.swift; path = AppDelegate.swift; sourceTree = "<group>"; };
		040E075D1E84C3CE00BF49EC /* MasterViewController.swift */ = {isa = PBXFileReference; lastKnownFileType = sourcecode.swift; path = MasterViewController.swift; sourceTree = "<group>"; };
		040E075F1E84C3CE00BF49EC /* DetailViewController.swift */ = {isa = PBXFileReference; lastKnownFileType = sourcecode.swift; path = DetailViewController.swift; sourceTree = "<group>"; };
		040E07621E84C3CE00BF49EC /* Base */ = {isa = PBXFileReference; lastKnownFileType = file.storyboard; name = Base; path = Base.lproj/Main.storyboard; sourceTree = "<group>"; };
		040E07641E84C3CE00BF49EC /* Assets.xcassets */ = {isa = PBXFileReference; lastKnownFileType = folder.assetcatalog; path = Assets.xcassets; sourceTree = "<group>"; };
		040E07671E84C3CE00BF49EC /* Base */ = {isa = PBXFileReference; lastKnownFileType = file.storyboard; name = Base; path = Base.lproj/LaunchScreen.storyboard; sourceTree = "<group>"; };
		040E07691E84C3CE00BF49EC /* Info.plist */ = {isa = PBXFileReference; lastKnownFileType = text.plist.xml; path = Info.plist; sourceTree = "<group>"; };
/* End PBXFileReference section */

/* Begin PBXFrameworksBuildPhase section */
		040E07551E84C3CE00BF49EC /* Frameworks */ = {
			isa = PBXFrameworksBuildPhase;
			buildActionMask = 2147483647;
			files = (
			);
			runOnlyForDeploymentPostprocessing = 0;
		};
/* End PBXFrameworksBuildPhase section */

/* Begin PBXGroup section */
		0406E5EC1E8580E900400268 /* Products */ = {
			isa = PBXGroup;
			children = (
				0406E5F71E8580E900400268 /* Alamofire.framework */,
				0406E5F91E8580E900400268 /* Alamofire iOS Tests.xctest */,
				0406E5FB1E8580E900400268 /* Alamofire.framework */,
				0406E5FD1E8580E900400268 /* Alamofire macOS Tests.xctest */,
				0406E5FF1E8580E900400268 /* Alamofire.framework */,
				0406E6011E8580E900400268 /* Alamofire tvOS Tests.xctest */,
				0406E6031E8580E900400268 /* Alamofire.framework */,
			);
			name = Products;
			sourceTree = "<group>";
		};
		040E074F1E84C3CE00BF49EC = {
			isa = PBXGroup;
			children = (
				040E075A1E84C3CE00BF49EC /* camClient */,
				040E07591E84C3CE00BF49EC /* Products */,
				0406E5EB1E8580E900400268 /* Alamofire.xcodeproj */,
			);
			sourceTree = "<group>";
		};
		040E07591E84C3CE00BF49EC /* Products */ = {
			isa = PBXGroup;
			children = (
				040E07581E84C3CE00BF49EC /* camClient.app */,
			);
			name = Products;
			sourceTree = "<group>";
		};
		040E075A1E84C3CE00BF49EC /* camClient */ = {
			isa = PBXGroup;
			children = (
				040E075B1E84C3CE00BF49EC /* AppDelegate.swift */,
				040E075D1E84C3CE00BF49EC /* MasterViewController.swift */,
				040E075F1E84C3CE00BF49EC /* DetailViewController.swift */,
				040E07611E84C3CE00BF49EC /* Main.storyboard */,
				040E07641E84C3CE00BF49EC /* Assets.xcassets */,
				040E07661E84C3CE00BF49EC /* LaunchScreen.storyboard */,
				040E07691E84C3CE00BF49EC /* Info.plist */,
			);
			path = camClient;
			sourceTree = "<group>";
		};
/* End PBXGroup section */

/* Begin PBXNativeTarget section */
		040E07571E84C3CE00BF49EC /* camClient */ = {
			isa = PBXNativeTarget;
			buildConfigurationList = 040E076C1E84C3CF00BF49EC /* Build configuration list for PBXNativeTarget "camClient" */;
			buildPhases = (
				040E07541E84C3CE00BF49EC /* Sources */,
				040E07551E84C3CE00BF49EC /* Frameworks */,
				040E07561E84C3CE00BF49EC /* Resources */,
			);
			buildRules = (
			);
			dependencies = (
				0406E6051E8582DC00400268 /* PBXTargetDependency */,
			);
			name = camClient;
			productName = camClient;
			productReference = 040E07581E84C3CE00BF49EC /* camClient.app */;
			productType = "com.apple.product-type.application";
		};
/* End PBXNativeTarget section */

/* Begin PBXProject section */
		040E07501E84C3CE00BF49EC /* Project object */ = {
			isa = PBXProject;
			attributes = {
				LastSwiftUpdateCheck = 0820;
				LastUpgradeCheck = 0820;
				ORGANIZATIONNAME = Hanna;
				TargetAttributes = {
					040E07571E84C3CE00BF49EC = {
						CreatedOnToolsVersion = 8.2.1;
						DevelopmentTeam = XT45A6H292;
						ProvisioningStyle = Automatic;
					};
				};
			};
			buildConfigurationList = 040E07531E84C3CE00BF49EC /* Build configuration list for PBXProject "camClient" */;
			compatibilityVersion = "Xcode 3.2";
			developmentRegion = English;
			hasScannedForEncodings = 0;
			knownRegions = (
				en,
				Base,
			);
			mainGroup = 040E074F1E84C3CE00BF49EC;
			productRefGroup = 040E07591E84C3CE00BF49EC /* Products */;
			projectDirPath = "";
			projectReferences = (
				{
					ProductGroup = 0406E5EC1E8580E900400268 /* Products */;
					ProjectRef = 0406E5EB1E8580E900400268 /* Alamofire.xcodeproj */;
				},
			);
			projectRoot = "";
			targets = (
				040E07571E84C3CE00BF49EC /* camClient */,
			);
		};
/* End PBXProject section */

/* Begin PBXReferenceProxy section */
		0406E5F71E8580E900400268 /* Alamofire.framework */ = {
			isa = PBXReferenceProxy;
			fileType = wrapper.framework;
			path = Alamofire.framework;
			remoteRef = 0406E5F61E8580E900400268 /* PBXContainerItemProxy */;
			sourceTree = BUILT_PRODUCTS_DIR;
		};
		0406E5F91E8580E900400268 /* Alamofire iOS Tests.xctest */ = {
			isa = PBXReferenceProxy;
			fileType = wrapper.cfbundle;
			path = "Alamofire iOS Tests.xctest";
			remoteRef = 0406E5F81E8580E900400268 /* PBXContainerItemProxy */;
			sourceTree = BUILT_PRODUCTS_DIR;
		};
		0406E5FB1E8580E900400268 /* Alamofire.framework */ = {
			isa = PBXReferenceProxy;
			fileType = wrapper.framework;
			path = Alamofire.framework;
			remoteRef = 0406E5FA1E8580E900400268 /* PBXContainerItemProxy */;
			sourceTree = BUILT_PRODUCTS_DIR;
		};
		0406E5FD1E8580E900400268 /* Alamofire macOS Tests.xctest */ = {
			isa = PBXReferenceProxy;
			fileType = wrapper.cfbundle;
			path = "Alamofire macOS Tests.xctest";
			remoteRef = 0406E5FC1E8580E900400268 /* PBXContainerItemProxy */;
			sourceTree = BUILT_PRODUCTS_DIR;
		};
		0406E5FF1E8580E900400268 /* Alamofire.framework */ = {
			isa = PBXReferenceProxy;
			fileType = wrapper.framework;
			path = Alamofire.framework;
			remoteRef = 0406E5FE1E8580E900400268 /* PBXContainerItemProxy */;
			sourceTree = BUILT_PRODUCTS_DIR;
		};
		0406E6011E8580E900400268 /* Alamofire tvOS Tests.xctest */ = {
			isa = PBXReferenceProxy;
			fileType = wrapper.cfbundle;
			path = "Alamofire tvOS Tests.xctest";
			remoteRef = 0406E6001E8580E900400268 /* PBXContainerItemProxy */;
			sourceTree = BUILT_PRODUCTS_DIR;
		};
		0406E6031E8580E900400268 /* Alamofire.framework */ = {
			isa = PBXReferenceProxy;
			fileType = wrapper.framework;
			path = Alamofire.framework;
			remoteRef = 0406E6021E8580E900400268 /* PBXContainerItemProxy */;
			sourceTree = BUILT_PRODUCTS_DIR;
		};
/* End PBXReferenceProxy section */

/* Begin PBXResourcesBuildPhase section */
		040E07561E84C3CE00BF49EC /* Resources */ = {
			isa = PBXResourcesBuildPhase;
			buildActionMask = 2147483647;
			files = (
				040E07681E84C3CE00BF49EC /* LaunchScreen.storyboard in Resources */,
				040E07651E84C3CE00BF49EC /* Assets.xcassets in Resources */,
				040E07631E84C3CE00BF49EC /* Main.storyboard in Resources */,
			);
			runOnlyForDeploymentPostprocessing = 0;
		};
/* End PBXResourcesBuildPhase section */

/* Begin PBXSourcesBuildPhase section */
		040E07541E84C3CE00BF49EC /* Sources */ = {
			isa = PBXSourcesBuildPhase;
			buildActionMask = 2147483647;
			files = (
				040E07601E84C3CE00BF49EC /* DetailViewController.swift in Sources */,
				040E075E1E84C3CE00BF49EC /* MasterViewController.swift in Sources */,
				040E075C1E84C3CE00BF49EC /* AppDelegate.swift in Sources */,
			);
			runOnlyForDeploymentPostprocessing = 0;
		};
/* End PBXSourcesBuildPhase section */

/* Begin PBXTargetDependency section */
		0406E6051E8582DC00400268 /* PBXTargetDependency */ = {
			isa = PBXTargetDependency;
			name = "Alamofire iOS";
			targetProxy = 0406E6041E8582DC00400268 /* PBXContainerItemProxy */;
		};
/* End PBXTargetDependency section */

/* Begin PBXVariantGroup section */
		040E07611E84C3CE00BF49EC /* Main.storyboard */ = {
			isa = PBXVariantGroup;
			children = (
				040E07621E84C3CE00BF49EC /* Base */,
			);
			name = Main.storyboard;
			sourceTree = "<group>";
		};
		040E07661E84C3CE00BF49EC /* LaunchScreen.storyboard */ = {
			isa = PBXVariantGroup;
			children = (
				040E07671E84C3CE00BF49EC /* Base */,
			);
			name = LaunchScreen.storyboard;
			sourceTree = "<group>";
		};
/* End PBXVariantGroup section */

/* Begin XCBuildConfiguration section */
		040E076A1E84C3CF00BF49EC /* Debug */ = {
			isa = XCBuildConfiguration;
			buildSettings = {
				ALWAYS_SEARCH_USER_PATHS = NO;
				CLANG_ANALYZER_NONNULL = YES;
				CLANG_CXX_LANGUAGE_STANDARD = "gnu++0x";
				CLANG_CXX_LIBRARY = "libc++";
				CLANG_ENABLE_MODULES = YES;
				CLANG_ENABLE_OBJC_ARC = YES;
				CLANG_WARN_BOOL_CONVERSION = YES;
				CLANG_WARN_CONSTANT_CONVERSION = YES;
				CLANG_WARN_DIRECT_OBJC_ISA_USAGE = YES_ERROR;
				CLANG_WARN_DOCUMENTATION_COMMENTS = YES;
				CLANG_WARN_EMPTY_BODY = YES;
				CLANG_WARN_ENUM_CONVERSION = YES;
				CLANG_WARN_INFINITE_RECURSION = YES;
				CLANG_WARN_INT_CONVERSION = YES;
				CLANG_WARN_OBJC_ROOT_CLASS = YES_ERROR;
				CLANG_WARN_SUSPICIOUS_MOVE = YES;
				CLANG_WARN_UNREACHABLE_CODE = YES;
				CLANG_WARN__DUPLICATE_METHOD_MATCH = YES;
				"CODE_SIGN_IDENTITY[sdk=iphoneos*]" = "iPhone Developer";
				COPY_PHASE_STRIP = NO;
				DEBUG_INFORMATION_FORMAT = dwarf;
				ENABLE_STRICT_OBJC_MSGSEND = YES;
				ENABLE_TESTABILITY = YES;
				GCC_C_LANGUAGE_STANDARD = gnu99;
				GCC_DYNAMIC_NO_PIC = NO;
				GCC_NO_COMMON_BLOCKS = YES;
				GCC_OPTIMIZATION_LEVEL = 0;
				GCC_PREPROCESSOR_DEFINITIONS = (
					"DEBUG=1",
					"$(inherited)",
				);
				GCC_WARN_64_TO_32_BIT_CONVERSION = YES;
				GCC_WARN_ABOUT_RETURN_TYPE = YES_ERROR;
				GCC_WARN_UNDECLARED_SELECTOR = YES;
				GCC_WARN_UNINITIALIZED_AUTOS = YES_AGGRESSIVE;
				GCC_WARN_UNUSED_FUNCTION = YES;
				GCC_WARN_UNUSED_VARIABLE = YES;
				IPHONEOS_DEPLOYMENT_TARGET = 10.2;
				MTL_ENABLE_DEBUG_INFO = YES;
				ONLY_ACTIVE_ARCH = YES;
				SDKROOT = iphoneos;
				SWIFT_ACTIVE_COMPILATION_CONDITIONS = DEBUG;
				SWIFT_OPTIMIZATION_LEVEL = "-Onone";
			};
			name = Debug;
		};
		040E076B1E84C3CF00BF49EC /* Release */ = {
			isa = XCBuildConfiguration;
			buildSettings = {
				ALWAYS_SEARCH_USER_PATHS = NO;
				CLANG_ANALYZER_NONNULL = YES;
				CLANG_CXX_LANGUAGE_STANDARD = "gnu++0x";
				CLANG_CXX_LIBRARY = "libc++";
				CLANG_ENABLE_MODULES = YES;
				CLANG_ENABLE_OBJC_ARC = YES;
				CLANG_WARN_BOOL_CONVERSION = YES;
				CLANG_WARN_CONSTANT_CONVERSION = YES;
				CLANG_WARN_DIRECT_OBJC_ISA_USAGE = YES_ERROR;
				CLANG_WARN_DOCUMENTATION_COMMENTS = YES;
				CLANG_WARN_EMPTY_BODY = YES;
				CLANG_WARN_ENUM_CONVERSION = YES;
				CLANG_WARN_INFINITE_RECURSION = YES;
				CLANG_WARN_INT_CONVERSION = YES;
				CLANG_WARN_OBJC_ROOT_CLASS = YES_ERROR;
				CLANG_WARN_SUSPICIOUS_MOVE = YES;
				CLANG_WARN_UNREACHABLE_CODE = YES;
				CLANG_WARN__DUPLICATE_METHOD_MATCH = YES;
				"CODE_SIGN_IDENTITY[sdk=iphoneos*]" = "iPhone Developer";
				COPY_PHASE_STRIP = NO;
				DEBUG_INFORMATION_FORMAT = "dwarf-with-dsym";
				ENABLE_NS_ASSERTIONS = NO;
				ENABLE_STRICT_OBJC_MSGSEND = YES;
				GCC_C_LANGUAGE_STANDARD = gnu99;
				GCC_NO_COMMON_BLOCKS = YES;
				GCC_WARN_64_TO_32_BIT_CONVERSION = YES;
				GCC_WARN_ABOUT_RETURN_TYPE = YES_ERROR;
				GCC_WARN_UNDECLARED_SELECTOR = YES;
				GCC_WARN_UNINITIALIZED_AUTOS = YES_AGGRESSIVE;
				GCC_WARN_UNUSED_FUNCTION = YES;
				GCC_WARN_UNUSED_VARIABLE = YES;
				IPHONEOS_DEPLOYMENT_TARGET = 10.2;
				MTL_ENABLE_DEBUG_INFO = NO;
				SDKROOT = iphoneos;
				SWIFT_OPTIMIZATION_LEVEL = "-Owholemodule";
				VALIDATE_PRODUCT = YES;
			};
			name = Release;
		};
		040E076D1E84C3CF00BF49EC /* Debug */ = {
			isa = XCBuildConfiguration;
			buildSettings = {
				ASSETCATALOG_COMPILER_APPICON_NAME = AppIcon;
				DEVELOPMENT_TEAM = XT45A6H292;
				INFOPLIST_FILE = camClient/Info.plist;
				LD_RUNPATH_SEARCH_PATHS = "$(inherited) @executable_path/Frameworks";
				PRODUCT_BUNDLE_IDENTIFIER = com.camClient;
				PRODUCT_NAME = "$(TARGET_NAME)";
				SWIFT_VERSION = 3.0;
			};
			name = Debug;
		};
		040E076E1E84C3CF00BF49EC /* Release */ = {
			isa = XCBuildConfiguration;
			buildSettings = {
				ASSETCATALOG_COMPILER_APPICON_NAME = AppIcon;
				DEVELOPMENT_TEAM = XT45A6H292;
				INFOPLIST_FILE = camClient/Info.plist;
				LD_RUNPATH_SEARCH_PATHS = "$(inherited) @executable_path/Frameworks";
				PRODUCT_BUNDLE_IDENTIFIER = com.camClient;
				PRODUCT_NAME = "$(TARGET_NAME)";
				SWIFT_VERSION = 3.0;
			};
			name = Release;
		};
/* End XCBuildConfiguration section */

/* Begin XCConfigurationList section */
		040E07531E84C3CE00BF49EC /* Build configuration list for PBXProject "camClient" */ = {
			isa = XCConfigurationList;
			buildConfigurations = (
				040E076A1E84C3CF00BF49EC /* Debug */,
				040E076B1E84C3CF00BF49EC /* Release */,
			);
			defaultConfigurationIsVisible = 0;
			defaultConfigurationName = Release;
		};
		040E076C1E84C3CF00BF49EC /* Build configuration list for PBXNativeTarget "camClient" */ = {
			isa = XCConfigurationList;
			buildConfigurations = (
				040E076D1E84C3CF00BF49EC /* Debug */,
				040E076E1E84C3CF00BF49EC /* Release */,
			);
			defaultConfigurationIsVisible = 0;
			defaultConfigurationName = Release;
		};
/* End XCConfigurationList section */
	};
	rootObject = 040E07501E84C3CE00BF49EC /* Project object */;
}
